# This file is generated by running "yarn install" inside your project.
# Manual changes might be lost - proceed with caution!

__metadata:
  version: 8
  cacheKey: 10

"@babel/runtime@npm:^7.24.5, @babel/runtime@npm:^7.27.3":
  version: 7.28.4
  resolution: "@babel/runtime@npm:7.28.4"
  checksum: 10/6c9a70452322ea80b3c9b2a412bcf60771819213a67576c8cec41e88a95bb7bf01fc983754cda35dc19603eef52df22203ccbf7777b9d6316932f9fb77c25163
  languageName: node
  linkType: hard

"@carbon/colors@npm:^11.41.0":
  version: 11.41.0
  resolution: "@carbon/colors@npm:11.41.0"
  dependencies:
    "@ibm/telemetry-js": "npm:^1.5.0"
  checksum: 10/ed463bf457320c9402018c0a0db82b2f84481533f8253fcee9b81540a862c604db15a00b1a020bbdf846b371979e2e9e872071190280f2f11b6c021968965809
  languageName: node
  linkType: hard

"@carbon/feature-flags@npm:^0.31.0":
  version: 0.31.0
  resolution: "@carbon/feature-flags@npm:0.31.0"
  dependencies:
    "@ibm/telemetry-js": "npm:^1.5.0"
  checksum: 10/fe7ec8f7f338535811c2852606b6b2ac19382857f2881867137d1cc530df6fa0a8b33bf6c367ec5c88899421a851cbe34425479d4b229ec20c8c838313c0700d
  languageName: node
  linkType: hard

"@carbon/grid@npm:^11.44.0":
  version: 11.44.0
  resolution: "@carbon/grid@npm:11.44.0"
  dependencies:
    "@carbon/layout": "npm:^11.42.0"
    "@ibm/telemetry-js": "npm:^1.5.0"
  checksum: 10/9eabcf297191be3d2278de64e8ae760d6086d5cc84139bf4a5ba061489ab16cfe47400ea7d94df2ce49fa544d9bef26c8d0c67aabe564ff079fc3532bfb07ee3
  languageName: node
  linkType: hard

"@carbon/icon-helpers@npm:^10.67.0":
  version: 10.67.0
  resolution: "@carbon/icon-helpers@npm:10.67.0"
  dependencies:
    "@ibm/telemetry-js": "npm:^1.5.0"
  checksum: 10/84f0bbb2bd6e8a55771f37b559e6342df2931354d452ffe9619d197b2767969770a13bba6d5e3ec46f54d302e7854a70c6ebb4aa398d5ae2d8ae8b0633d17c65
  languageName: node
  linkType: hard

"@carbon/icons-react@npm:^11.68.0":
  version: 11.68.0
  resolution: "@carbon/icons-react@npm:11.68.0"
  dependencies:
    "@carbon/icon-helpers": "npm:^10.67.0"
    "@ibm/telemetry-js": "npm:^1.5.0"
    prop-types: "npm:^15.8.1"
  peerDependencies:
    react: ">=16"
  checksum: 10/d78507722af5b00e43881186d63de5b08c3eab2bb86964b26ce7e06ce1740fd632327537dbe3805cadfe1729a024723887ce1b96cedf57cc42eb1e257a551a40
  languageName: node
  linkType: hard

"@carbon/layout@npm:^11.42.0":
  version: 11.42.0
  resolution: "@carbon/layout@npm:11.42.0"
  dependencies:
    "@ibm/telemetry-js": "npm:^1.5.0"
  checksum: 10/bf038bfab3d9e0a161a69c7ac48afc47bd96332eef90f4d33eb2cc325427bd4020bfcbef4c8301c5f39583959796145473143b4dd78702091285f247e7262f05
  languageName: node
  linkType: hard

"@carbon/motion@npm:^11.36.0":
  version: 11.36.0
  resolution: "@carbon/motion@npm:11.36.0"
  dependencies:
    "@ibm/telemetry-js": "npm:^1.5.0"
  checksum: 10/b20f42cff7950bc3e1e0add0ce31330574c6a4b21b6c8597156c1a31007654bdbe63439f019f07dc59a2ed60e70c7c7215c0f78cd4de06bada0777e8d2e3bff8
  languageName: node
  linkType: hard

"@carbon/react@npm:^1.83.0":
  version: 1.92.1
  resolution: "@carbon/react@npm:1.92.1"
  dependencies:
    "@babel/runtime": "npm:^7.27.3"
    "@carbon/feature-flags": "npm:^0.31.0"
    "@carbon/icons-react": "npm:^11.68.0"
    "@carbon/layout": "npm:^11.42.0"
    "@carbon/styles": "npm:^1.91.0"
    "@carbon/utilities": "npm:^0.10.0"
    "@floating-ui/react": "npm:^0.27.4"
    "@ibm/telemetry-js": "npm:^1.5.0"
    classnames: "npm:2.5.1"
    copy-to-clipboard: "npm:^3.3.1"
    downshift: "npm:9.0.10"
    es-toolkit: "npm:^1.27.0"
    flatpickr: "npm:4.6.13"
    invariant: "npm:^2.2.3"
    prop-types: "npm:^15.8.1"
    react-fast-compare: "npm:^3.2.2"
    tabbable: "npm:^6.2.0"
    window-or-global: "npm:^1.0.1"
  peerDependencies:
    react: ^16.8.6 || ^17.0.1 || ^18.2.0 || ^19.0.0
    react-dom: ^16.8.6 || ^17.0.1 || ^18.2.0 || ^19.0.0
    react-is: ^16.13.1 || ^17.0.2 || ^18.3.1 || ^19.0.0
    sass: ^1.33.0
  checksum: 10/ab8e657beaf65dc54c2108c922116a1b01b95531fa74fb48f571115536ad972b1bf0e12c1ae8977b2635b09ac5d2b1dde44aa4f31b016d9edeb3520f7693bb80
  languageName: node
  linkType: hard

"@carbon/styles@npm:^1.91.0":
  version: 1.91.0
  resolution: "@carbon/styles@npm:1.91.0"
  dependencies:
    "@carbon/colors": "npm:^11.41.0"
    "@carbon/feature-flags": "npm:^0.31.0"
    "@carbon/grid": "npm:^11.44.0"
    "@carbon/layout": "npm:^11.42.0"
    "@carbon/motion": "npm:^11.36.0"
    "@carbon/themes": "npm:^11.61.0"
    "@carbon/type": "npm:^11.48.0"
    "@ibm/plex": "npm:6.0.0-next.6"
    "@ibm/plex-mono": "npm:1.1.0"
    "@ibm/plex-sans": "npm:1.1.0"
    "@ibm/plex-sans-arabic": "npm:1.1.0"
    "@ibm/plex-sans-devanagari": "npm:1.1.0"
    "@ibm/plex-sans-hebrew": "npm:0.0.3-alpha.0"
    "@ibm/plex-sans-thai": "npm:0.0.3-alpha.0"
    "@ibm/plex-sans-thai-looped": "npm:1.1.0"
    "@ibm/plex-serif": "npm:1.1.0"
    "@ibm/telemetry-js": "npm:^1.5.0"
  peerDependencies:
    sass: ^1.33.0
  peerDependenciesMeta:
    sass:
      optional: true
  checksum: 10/49fb502711270c8d12a1fd797d3eca4b4e350921eab575a7f322bb54b264822f34a53c8b40c3f1e9c2c47c57e617616d70052f34f27b544c536ce349edd7239c
  languageName: node
  linkType: hard

"@carbon/themes@npm:^11.61.0":
  version: 11.61.0
  resolution: "@carbon/themes@npm:11.61.0"
  dependencies:
    "@carbon/colors": "npm:^11.41.0"
    "@carbon/layout": "npm:^11.42.0"
    "@carbon/type": "npm:^11.48.0"
    "@ibm/telemetry-js": "npm:^1.5.0"
    color: "npm:^4.0.0"
  checksum: 10/7cab96b13db9a021a96226be4713b7024ebc1abe170c7083b772dc025766f025bcdb8d14acb46daa0abde49e9b4577441c621c8acba00cabcd0a16e9edd4acbd
  languageName: node
  linkType: hard

"@carbon/type@npm:^11.48.0":
  version: 11.48.0
  resolution: "@carbon/type@npm:11.48.0"
  dependencies:
    "@carbon/grid": "npm:^11.44.0"
    "@carbon/layout": "npm:^11.42.0"
    "@ibm/telemetry-js": "npm:^1.5.0"
  checksum: 10/f42deb53de6b61c53ba07ef8ff5a9890879f89bf9e84128822f44b1f2419bd173d4259bb8dc207b16d879941d226bf06da68132410c17b5205b2b770d6cb8b4f
  languageName: node
  linkType: hard

"@carbon/utilities@npm:^0.10.0":
  version: 0.10.0
  resolution: "@carbon/utilities@npm:0.10.0"
  dependencies:
    "@ibm/telemetry-js": "npm:^1.6.1"
    "@internationalized/number": "npm:^3.6.1"
  checksum: 10/b07b72f945b9996879c63c6793fbd7aa96f9cac5fb6f415345bec79e9aa65f3df822bc4e2e8e12681c0c28a231c2cda6c4a8293c4c0f2e5fd76266d4ff924f28
  languageName: node
  linkType: hard

"@floating-ui/core@npm:^1.7.0":
  version: 1.7.0
  resolution: "@floating-ui/core@npm:1.7.0"
  dependencies:
    "@floating-ui/utils": "npm:^0.2.9"
  checksum: 10/b047b9b5e18d9c2b737aa1cd0aadd138da15e6ca4ba35cc8b41eff280a66f84c749739234d782e8f250de0d6d5afed4b1d06ed9bf2635e0743aa9868d32fe94a
  languageName: node
  linkType: hard

"@floating-ui/dom@npm:^1.0.0":
  version: 1.7.0
  resolution: "@floating-ui/dom@npm:1.7.0"
  dependencies:
    "@floating-ui/core": "npm:^1.7.0"
    "@floating-ui/utils": "npm:^0.2.9"
  checksum: 10/9c3561981ea389fe39b7095d7a3771fd906580eedc43fda0eb554faa5f2f9756169fef1824d66198314a41c7f8d63e56bc7f5b24fc528471c9e6bc43cafa6a00
  languageName: node
  linkType: hard

"@floating-ui/react-dom@npm:^2.1.2":
  version: 2.1.2
  resolution: "@floating-ui/react-dom@npm:2.1.2"
  dependencies:
    "@floating-ui/dom": "npm:^1.0.0"
  peerDependencies:
    react: ">=16.8.0"
    react-dom: ">=16.8.0"
  checksum: 10/2a67dc8499674e42ff32c7246bded185bb0fdd492150067caf9568569557ac4756a67787421d8604b0f241e5337de10762aee270d9aeef106d078a0ff13596c4
  languageName: node
  linkType: hard

"@floating-ui/react@npm:^0.27.4":
  version: 0.27.9
  resolution: "@floating-ui/react@npm:0.27.9"
  dependencies:
    "@floating-ui/react-dom": "npm:^2.1.2"
    "@floating-ui/utils": "npm:^0.2.9"
    tabbable: "npm:^6.0.0"
  peerDependencies:
    react: ">=17.0.0"
    react-dom: ">=17.0.0"
  checksum: 10/0f5cab7a20fd882845fb7aec0aabb4bcb0f380149e99bc7623033c810f24274d80645d8494beb1fd5e7b5068a1a2cfa645be1a92f5439855edfdfcb737bbc8b7
  languageName: node
  linkType: hard

"@floating-ui/utils@npm:^0.2.9":
  version: 0.2.9
  resolution: "@floating-ui/utils@npm:0.2.9"
  checksum: 10/0ca786347db3dd8d9034b86d1449fabb96642788e5900cc5f2aee433cd7b243efbcd7a165bead50b004ee3f20a90ddebb6a35296fc41d43cfd361b6f01b69ffb
  languageName: node
  linkType: hard

"@ibm/plex-mono@npm:1.1.0":
  version: 1.1.0
  resolution: "@ibm/plex-mono@npm:1.1.0"
  dependencies:
    "@ibm/telemetry-js": "npm:^1.6.1"
  checksum: 10/dc9deecac43c7db641e472cb350b883042d8833f103fb0b2ebbb435750908a77c7f60d57ab90da9b3cc05f8c026ba0104506231f3905ec125ae644d923cbe813
  languageName: node
  linkType: hard

"@ibm/plex-sans-arabic@npm:1.1.0":
  version: 1.1.0
  resolution: "@ibm/plex-sans-arabic@npm:1.1.0"
  dependencies:
    "@ibm/telemetry-js": "npm:^1.6.1"
  checksum: 10/69bfd4d9f80ecfeb5365a5be84453e877275e8c1b8cbdefcf7ba15d01157face0e6ed524a3b8f2b993e4de85abbd53811b5eaf6ecd6b31391e5e8d7d1c268356
  languageName: node
  linkType: hard

"@ibm/plex-sans-devanagari@npm:1.1.0":
  version: 1.1.0
  resolution: "@ibm/plex-sans-devanagari@npm:1.1.0"
  dependencies:
    "@ibm/telemetry-js": "npm:^1.6.1"
  checksum: 10/a6b05ad8c4d556cb439d5b51c94ebb8152c1a26cb9e86f6b3a95808b6a2c4c21fab29a96296ac4af7bde8d46c8360e8bea7f082054a088f96eb3949a77241e93
  languageName: node
  linkType: hard

"@ibm/plex-sans-hebrew@npm:0.0.3-alpha.0":
  version: 0.0.3-alpha.0
  resolution: "@ibm/plex-sans-hebrew@npm:0.0.3-alpha.0"
  checksum: 10/e67ed6e081dbf9a522eca8e35471a329c788e6a03042df89649b034eaa2e66898bc44b72c0c0f57d93d24b37796cfc92729cee7754eb83ec2cd27f1fa9bdeea6
  languageName: node
  linkType: hard

"@ibm/plex-sans-thai-looped@npm:1.1.0":
  version: 1.1.0
  resolution: "@ibm/plex-sans-thai-looped@npm:1.1.0"
  dependencies:
    "@ibm/telemetry-js": "npm:^1.6.1"
  checksum: 10/aafa09baf6f159acb735097d726b2c4cac2ba780cfeddbc755ce2fb1583b9a717a78eb7600e99524537e0b9a8355d4c5ee576de21ced379149c00b7e6b1771f7
  languageName: node
  linkType: hard

"@ibm/plex-sans-thai@npm:0.0.3-alpha.0":
  version: 0.0.3-alpha.0
  resolution: "@ibm/plex-sans-thai@npm:0.0.3-alpha.0"
  checksum: 10/baac49d77d2075ee6ecbd5ed22d938b1afca898e5d8d9948f079613d2be011216acf52a6ae555e3cf732d8aa60b7b89b1eaef4380590a66270d7b166067a271a
  languageName: node
  linkType: hard

"@ibm/plex-sans@npm:1.1.0":
  version: 1.1.0
  resolution: "@ibm/plex-sans@npm:1.1.0"
  dependencies:
    "@ibm/telemetry-js": "npm:^1.6.1"
  checksum: 10/065c244f5f741d60423bd714554365b323d551e8227861244d51e03c05bcd1808caa041f4909284120b3ab2bf4a5d4d0a54469013af4701b741875cf29a77b2d
  languageName: node
  linkType: hard

"@ibm/plex-serif@npm:1.1.0":
  version: 1.1.0
  resolution: "@ibm/plex-serif@npm:1.1.0"
  dependencies:
    "@ibm/telemetry-js": "npm:^1.6.1"
  checksum: 10/30b175c8d8e7ea6ca54e5735b9241c47fb570b86ceeb7890111370a58cd1bafc9de92c8aea500dc509e5caa569b180c522de84cf2eefd139e06e3b1209e4573f
  languageName: node
  linkType: hard

"@ibm/plex@npm:6.0.0-next.6":
  version: 6.0.0-next.6
  resolution: "@ibm/plex@npm:6.0.0-next.6"
  checksum: 10/1a814759646855a01aa0e76fd3bb76ff3ce67e6eee3173a89faeb9ab2df9147319cf2f6e4e711ffd7e2b253e1e1046a0fc4dd54c4cf11c91addc8a25f00509de
  languageName: node
  linkType: hard

"@ibm/telemetry-js@npm:^1.5.0, @ibm/telemetry-js@npm:^1.6.1":
  version: 1.9.1
  resolution: "@ibm/telemetry-js@npm:1.9.1"
  bin:
    ibmtelemetry: dist/collect.js
  checksum: 10/788d077bec2b2d9697e17381f0d70197f031f033a123d9e6f1e91216cb6f5e23ecc796fb7009d95421c71786d42d5e659d1902d1db6e6d08be74c996d5d124d7
  languageName: node
  linkType: hard

"@internationalized/number@npm:^3.6.1":
  version: 3.6.5
  resolution: "@internationalized/number@npm:3.6.5"
  dependencies:
    "@swc/helpers": "npm:^0.5.0"
  checksum: 10/f80618842b9b8ea04e235277911eeb8e2ee129f1b266b94704a9f773df7536486c25db41ae708f6c2f4845cdb0a25e7d1856332370daba6c530528ac0ee997e3
  languageName: node
  linkType: hard

"@openmrs/esm-template-app@workspace:.":
  version: 0.0.0-use.local
  resolution: "@openmrs/esm-template-app@workspace:."
  dependencies:
    "@carbon/icons-react": "npm:^11.68.0"
    "@carbon/react": "npm:^1.83.0"
    lodash-es: "npm:^4.17.21"
  peerDependencies:
    "@openmrs/esm-framework": "*"
    dayjs: 1.x
    react: 18.x
    react-i18next: 16.x
    react-router-dom: 6.x
    rxjs: 6.x
  languageName: unknown
  linkType: soft

"@swc/helpers@npm:^0.5.0":
  version: 0.5.17
  resolution: "@swc/helpers@npm:0.5.17"
  dependencies:
    tslib: "npm:^2.8.0"
  checksum: 10/1fc8312a78f1f99c8ec838585445e99763eeebff2356100738cdfdb8ad47d2d38df678ee6edd93a90fe319ac52da67adc14ac00eb82b606c5fb8ebc5d06ec2a2
  languageName: node
  linkType: hard

"classnames@npm:2.5.1":
  version: 2.5.1
  resolution: "classnames@npm:2.5.1"
  checksum: 10/58eb394e8817021b153bb6e7d782cfb667e4ab390cb2e9dac2fc7c6b979d1cc2b2a733093955fc5c94aa79ef5c8c89f11ab77780894509be6afbb91dddd79d15
  languageName: node
  linkType: hard

"color-convert@npm:^2.0.1":
  version: 2.0.1
  resolution: "color-convert@npm:2.0.1"
  dependencies:
    color-name: "npm:~1.1.4"
  checksum: 10/fa00c91b4332b294de06b443923246bccebe9fab1b253f7fe1772d37b06a2269b4039a85e309abe1fe11b267b11c08d1d0473fda3badd6167f57313af2887a64
  languageName: node
  linkType: hard

"color-name@npm:^1.0.0, color-name@npm:~1.1.4":
  version: 1.1.4
  resolution: "color-name@npm:1.1.4"
  checksum: 10/b0445859521eb4021cd0fb0cc1a75cecf67fceecae89b63f62b201cca8d345baf8b952c966862a9d9a2632987d4f6581f0ec8d957dfacece86f0a7919316f610
  languageName: node
  linkType: hard

"color-string@npm:^1.9.0":
  version: 1.9.1
  resolution: "color-string@npm:1.9.1"
  dependencies:
    color-name: "npm:^1.0.0"
    simple-swizzle: "npm:^0.2.2"
  checksum: 10/72aa0b81ee71b3f4fb1ac9cd839cdbd7a011a7d318ef58e6cb13b3708dca75c7e45029697260488709f1b1c7ac4e35489a87e528156c1e365917d1c4ccb9b9cd
  languageName: node
  linkType: hard

"color@npm:^4.0.0":
  version: 4.2.3
  resolution: "color@npm:4.2.3"
  dependencies:
    color-convert: "npm:^2.0.1"
    color-string: "npm:^1.9.0"
  checksum: 10/b23f5e500a79ea22428db43d1a70642d983405c0dd1f95ef59dbdb9ba66afbb4773b334fa0b75bb10b0552fd7534c6b28d4db0a8b528f91975976e70973c0152
  languageName: node
  linkType: hard

"compute-scroll-into-view@npm:^3.1.0":
  version: 3.1.1
  resolution: "compute-scroll-into-view@npm:3.1.1"
  checksum: 10/b68827555c39862cf3d7def838f3b8ee3751e3e88b9ec3bb601484666f0596963cd91db16b23248e14759339cf2ddff72b9c53c3070f6fd27177393ea83185f3
  languageName: node
  linkType: hard

"copy-to-clipboard@npm:^3.3.1":
  version: 3.3.3
  resolution: "copy-to-clipboard@npm:3.3.3"
  dependencies:
    toggle-selection: "npm:^1.0.6"
  checksum: 10/e0a325e39b7615108e6c1c8ac110ae7b829cdc4ee3278b1df6a0e4228c490442cc86444cd643e2da344fbc424b3aab8909e2fec82f8bc75e7e5b190b7c24eecf
  languageName: node
  linkType: hard

"downshift@npm:9.0.10":
  version: 9.0.10
  resolution: "downshift@npm:9.0.10"
  dependencies:
    "@babel/runtime": "npm:^7.24.5"
    compute-scroll-into-view: "npm:^3.1.0"
    prop-types: "npm:^15.8.1"
    react-is: "npm:18.2.0"
    tslib: "npm:^2.6.2"
  peerDependencies:
    react: ">=16.12.0"
  checksum: 10/eb102d7eb18613c292b2b3e2b42ec70eb36ddda4d2bbcb544cc85932359b727ac566de4f3cf66123741d44fe16ac7639ff148abb5a9702e1f70bfab8ec1a3468
  languageName: node
  linkType: hard

"es-toolkit@npm:^1.27.0":
  version: 1.38.0
  resolution: "es-toolkit@npm:1.38.0"
  dependenciesMeta:
    "@trivago/prettier-plugin-sort-imports@4.3.0":
      unplugged: true
    prettier-plugin-sort-re-exports@0.0.1:
      unplugged: true
  checksum: 10/7f41173001e2dc8f454752e19fc552af6ea2ec77fdecb2d04c7e04789062bed476d4fffe702ac1b7a721547f84be65312b8c3156339d08b865954b26d005b140
  languageName: node
  linkType: hard

"flatpickr@npm:4.6.13":
  version: 4.6.13
  resolution: "flatpickr@npm:4.6.13"
  checksum: 10/0e32f2fbd427aa8d838da8fb0cf2e56b65efc22783dcebcc32c11b7fbb6bbc8c3532f9410915f3acb7dc0feebb49202bea03e49cc80b9d4d11b3bdce49488bc0
  languageName: node
  linkType: hard

"invariant@npm:^2.2.3":
  version: 2.2.4
  resolution: "invariant@npm:2.2.4"
  dependencies:
    loose-envify: "npm:^1.0.0"
  checksum: 10/cc3182d793aad82a8d1f0af697b462939cb46066ec48bbf1707c150ad5fad6406137e91a262022c269702e01621f35ef60269f6c0d7fd178487959809acdfb14
  languageName: node
  linkType: hard

"is-arrayish@npm:^0.3.1":
  version: 0.3.2
  resolution: "is-arrayish@npm:0.3.2"
  checksum: 10/81a78d518ebd8b834523e25d102684ee0f7e98637136d3bdc93fd09636350fa06f1d8ca997ea28143d4d13cb1b69c0824f082db0ac13e1ab3311c10ffea60ade
  languageName: node
  linkType: hard

"js-tokens@npm:^3.0.0 || ^4.0.0":
  version: 4.0.0
  resolution: "js-tokens@npm:4.0.0"
  checksum: 10/af37d0d913fb56aec6dc0074c163cc71cd23c0b8aad5c2350747b6721d37ba118af35abdd8b33c47ec2800de07dedb16a527ca9c530ee004093e04958bd0cbf2
  languageName: node
  linkType: hard

"lodash-es@npm:^4.17.21":
  version: 4.17.21
  resolution: "lodash-es@npm:4.17.21"
  checksum: 10/03f39878ea1e42b3199bd3f478150ab723f93cc8730ad86fec1f2804f4a07c6e30deaac73cad53a88e9c3db33348bb8ceeb274552390e7a75d7849021c02df43
  languageName: node
  linkType: hard

"loose-envify@npm:^1.0.0, loose-envify@npm:^1.4.0":
  version: 1.4.0
  resolution: "loose-envify@npm:1.4.0"
  dependencies:
    js-tokens: "npm:^3.0.0 || ^4.0.0"
  bin:
    loose-envify: cli.js
  checksum: 10/6517e24e0cad87ec9888f500c5b5947032cdfe6ef65e1c1936a0c48a524b81e65542c9c3edc91c97d5bddc806ee2a985dbc79be89215d613b1de5db6d1cfe6f4
  languageName: node
  linkType: hard

"object-assign@npm:^4.1.1":
  version: 4.1.1
  resolution: "object-assign@npm:4.1.1"
  checksum: 10/fcc6e4ea8c7fe48abfbb552578b1c53e0d194086e2e6bbbf59e0a536381a292f39943c6e9628af05b5528aa5e3318bb30d6b2e53cadaf5b8fe9e12c4b69af23f
  languageName: node
  linkType: hard

"prop-types@npm:^15.8.1":
  version: 15.8.1
  resolution: "prop-types@npm:15.8.1"
  dependencies:
    loose-envify: "npm:^1.4.0"
    object-assign: "npm:^4.1.1"
    react-is: "npm:^16.13.1"
  checksum: 10/7d959caec002bc964c86cdc461ec93108b27337dabe6192fb97d69e16a0c799a03462713868b40749bfc1caf5f57ef80ac3e4ffad3effa636ee667582a75e2c0
  languageName: node
  linkType: hard

"react-fast-compare@npm:^3.2.2":
  version: 3.2.2
  resolution: "react-fast-compare@npm:3.2.2"
  checksum: 10/a6826180ba75cefba1c8d3ac539735f9b627ca05d3d307fe155487f5d0228d376dac6c9708d04a283a7b9f9aee599b637446635b79c8c8753d0b4eece56c125c
  languageName: node
  linkType: hard

"react-is@npm:18.2.0":
  version: 18.2.0
  resolution: "react-is@npm:18.2.0"
  checksum: 10/200cd65bf2e0be7ba6055f647091b725a45dd2a6abef03bf2380ce701fd5edccee40b49b9d15edab7ac08a762bf83cb4081e31ec2673a5bfb549a36ba21570df
  languageName: node
  linkType: hard

"react-is@npm:^16.13.1":
  version: 16.13.1
  resolution: "react-is@npm:16.13.1"
  checksum: 10/5aa564a1cde7d391ac980bedee21202fc90bdea3b399952117f54fb71a932af1e5902020144fb354b4690b2414a0c7aafe798eb617b76a3d441d956db7726fdf
  languageName: node
  linkType: hard

"simple-swizzle@npm:^0.2.2":
  version: 0.2.2
  resolution: "simple-swizzle@npm:0.2.2"
  dependencies:
    is-arrayish: "npm:^0.3.1"
  checksum: 10/c6dffff17aaa383dae7e5c056fbf10cf9855a9f79949f20ee225c04f06ddde56323600e0f3d6797e82d08d006e93761122527438ee9531620031c08c9e0d73cc
  languageName: node
  linkType: hard

"tabbable@npm:^6.0.0, tabbable@npm:^6.2.0":
  version: 6.2.0
  resolution: "tabbable@npm:6.2.0"
  checksum: 10/980fa73476026e99dcacfc0d6e000d41d42c8e670faf4682496d30c625495e412c4369694f2a15cf1e5252d22de3c396f2b62edbe8d60b5dadc40d09e3f2dde3
  languageName: node
  linkType: hard

"toggle-selection@npm:^1.0.6":
  version: 1.0.6
  resolution: "toggle-selection@npm:1.0.6"
  checksum: 10/9a0ed0ecbaac72b4944888dacd79fe0a55eeea76120a4c7e46b3bb3d85b24f086e90560bb22f5a965654a25ab43d79ec47dfdb3f1850ba740b14c5a50abc7040
  languageName: node
  linkType: hard

"tslib@npm:^2.6.2, tslib@npm:^2.8.0":
  version: 2.8.1
  resolution: "tslib@npm:2.8.1"
  checksum: 10/3e2e043d5c2316461cb54e5c7fe02c30ef6dccb3384717ca22ae5c6b5bc95232a6241df19c622d9c73b809bea33b187f6dbc73030963e29950c2141bc32a79f7
  languageName: node
  linkType: hard

"window-or-global@npm:^1.0.1":
  version: 1.0.1
  resolution: "window-or-global@npm:1.0.1"
  checksum: 10/19272a9589dedf790389376015b7a92e9b987d1c9b15457840f65a3829c5173a8cecce72111944624d98c2120799168d26b38e6b911fff77b4828a2322a8a02e
  languageName: node
  linkType: hard
